
Microsoft Visual Studio Solution File, Format Version 12.00
# Visual Studio 15
VisualStudioVersion = 15.0.26403.7
MinimumVisualStudioVersion = 10.0.40219.1
Project("{2150E333-8FDC-42A3-9474-1A3956D46DE8}") = "src", "src", "{73566D6B-2596-41BA-87DA-390B1BE5F506}"
EndProject
Project("{2150E333-8FDC-42A3-9474-1A3956D46DE8}") = "Solution Items", "Solution Items", "{8C1119EE-C583-4670-8871-3FE6101E514D}"
EndProject
Project("{2150E333-8FDC-42A3-9474-1A3956D46DE8}") = "SiteMapGen", "SiteMapGen", "{1C5D31F4-BEB9-48DC-8BA2-43E73007F406}"
EndProject
Project("{9A19103F-16F7-4668-BE54-9A1E7A4F7556}") = "TestTaskUkad", "src\TestTaskUkad\TestTaskUkad.csproj", "{C860D2C5-F804-4EE9-86B4-AB92A10F3CD0}"
EndProject
Project("{FAE04EC0-301F-11D3-BF4B-00C04F79EFBC}") = "SiteMapGen", "SiteMapGen\SiteMapGen.csproj", "{32FDA9AF-8451-423E-B093-92F9327EB0E6}"
EndProject
Global
	GlobalSection(SolutionConfigurationPlatforms) = preSolution
		Debug|Any CPU = Debug|Any CPU
		Release|Any CPU = Release|Any CPU
	EndGlobalSection
	GlobalSection(ProjectConfigurationPlatforms) = postSolution
		{C860D2C5-F804-4EE9-86B4-AB92A10F3CD0}.Debug|Any CPU.ActiveCfg = Debug|Any CPU
		{C860D2C5-F804-4EE9-86B4-AB92A10F3CD0}.Debug|Any CPU.Build.0 = Debug|Any CPU
		{C860D2C5-F804-4EE9-86B4-AB92A10F3CD0}.Release|Any CPU.ActiveCfg = Release|Any CPU
		{C860D2C5-F804-4EE9-86B4-AB92A10F3CD0}.Release|Any CPU.Build.0 = Release|Any CPU
		{32FDA9AF-8451-423E-B093-92F9327EB0E6}.Debug|Any CPU.ActiveCfg = Debug|Any CPU
		{32FDA9AF-8451-423E-B093-92F9327EB0E6}.Debug|Any CPU.Build.0 = Debug|Any CPU
		{32FDA9AF-8451-423E-B093-92F9327EB0E6}.Release|Any CPU.ActiveCfg = Release|Any CPU
		{32FDA9AF-8451-423E-B093-92F9327EB0E6}.Release|Any CPU.Build.0 = Release|Any CPU
	EndGlobalSection
	GlobalSection(SolutionProperties) = preSolution
		HideSolutionNode = FALSE
	EndGlobalSection
	GlobalSection(NestedProjects) = preSolution
		{C860D2C5-F804-4EE9-86B4-AB92A10F3CD0} = {73566D6B-2596-41BA-87DA-390B1BE5F506}
		{32FDA9AF-8451-423E-B093-92F9327EB0E6} = {1C5D31F4-BEB9-48DC-8BA2-43E73007F406}
	EndGlobalSection
EndGlobal
